GEM
  remote: https://rubygems.org/
  specs:
    nio4r (2.7.5)
    puma (7.1.0)
      nio4r (~> 2.0)
    rack (3.2.4)
    rackup (2.3.1)
      rack (>= 3)

PLATFORMS
  ruby
  x86_64-linux

DEPENDENCIES
  puma (~> 7.1)
  rack (~> 3.2)
  rackup (~> 2.3)

CHECKSUMS
  nio4r (2.7.5) sha256=6c90168e48fb5f8e768419c93abb94ba2b892a1d0602cb06eef16d8b7df1dca1
  puma (7.1.0) sha256=e45c10cb124f224d448c98db653a75499794edbecadc440ad616cf50f2fd49dd
  rack (3.2.4) sha256=5d74b6f75082a643f43c1e76b419c40f0e5527fcfee1e669ac1e6b73c0ccb6f6
  rackup (2.3.1) sha256=6c79c26753778e90983761d677a48937ee3192b3ffef6bc963c0950f94688868

BUNDLED WITH
  4.0.1
